
Microsoft Visual Studio Solution File, Format Version 12.00
# Visual Studio Version 16
VisualStudioVersion = 16.0.31702.278
MinimumVisualStudioVersion = 10.0.40219.1
Project("{FAE04EC0-301F-11D3-BF4B-00C04F79EFBC}") = "SimulatorApk", "SimulatorApk\SimulatorApk.csproj", "{E8ED8762-CCFC-48F0-B2A3-B12703A5CAE1}"
EndProject
Project("{2150E333-8FDC-42A3-9474-1A3956D46DE8}") = "Solution Items", "Solution Items", "{9BD30CD7-B38A-4B57-B7D1-EAA29BBFD586}"
	ProjectSection(SolutionItems) = preProject
		.editorconfig = .editorconfig
	EndProjectSection
EndProject
Global
	GlobalSection(SolutionConfigurationPlatforms) = preSolution
		Debug|Any CPU = Debug|Any CPU
		Release|Any CPU = Release|Any CPU
	EndGlobalSection
	GlobalSection(ProjectConfigurationPlatforms) = postSolution
		{E8ED8762-CCFC-48F0-B2A3-B12703A5CAE1}.Debug|Any CPU.ActiveCfg = Debug|Any CPU
		{E8ED8762-CCFC-48F0-B2A3-B12703A5CAE1}.Debug|Any CPU.Build.0 = Debug|Any CPU
		{E8ED8762-CCFC-48F0-B2A3-B12703A5CAE1}.Release|Any CPU.ActiveCfg = Release|Any CPU
		{E8ED8762-CCFC-48F0-B2A3-B12703A5CAE1}.Release|Any CPU.Build.0 = Release|Any CPU
	EndGlobalSection
	GlobalSection(SolutionProperties) = preSolution
		HideSolutionNode = FALSE
	EndGlobalSection
	GlobalSection(ExtensibilityGlobals) = postSolution
		SolutionGuid = {E3716208-A3B0-4CE4-9E99-5FB6AEDEF03B}
	EndGlobalSection
EndGlobal
